ADOFAIIPC_VERSION=0.3.0
ADOFAIIPC_BOOTSTRAP_VERSION=0.3.0
ADOFAIIPC_BOOTSTRAP_SHA256=e0c74bdd7b23c8d352c74f74cd433d9122f9b8ad5c1fab410279323f0380b061
ADOFAIIPC_DEPENDENCY_SHIM_SHA256=c021b245a7fe757e89d699e152915e431d18784fee76fa8d1bc40b06061ef4ce
ADOFAIIPC_MIGRATION_SHA256=2c22cad89ab4aa6f486274535112b64ce39ff27284991b889396f45aadb71337
