ADOFAIIPC_VERSION=0.3.0
ADOFAIIPC_BOOTSTRAP_VERSION=0.3.0
ADOFAIIPC_BOOTSTRAP_SHA256=2ec5ed84f8fb4ce5e846d7b6a01a884aed5cbfae5ed8d8b7ae48e7d6fc16c3aa
ADOFAIIPC_DEPENDENCY_SHIM_SHA256=dd3409a152a2c2b9d2c79916f9aa2a65a5b8b7945bb410c0d1ba158997a4066d
ADOFAIIPC_MIGRATION_SHA256=da11873561b97c3d16d749025f0bde8eb7f3717d86fd8217c5946680a8798264
