ADOFAIIPC_VERSION=0.4.1
ADOFAIIPC_BOOTSTRAP_VERSION=0.4.1
ADOFAIIPC_BOOTSTRAP_SHA256=f2cfa36a353bf1efb72a39fe7da5f7041e16a9392d5919f69842eb27bd122b95
ADOFAIIPC_DEPENDENCY_SHIM_SHA256=25374d166d244abe8e1ef2b68fbd8362cd94e1dc327bd69ee67da00710acf536
ADOFAIIPC_MIGRATION_SHA256=9ae8131b7d271c353bc557d2f6b819512f0c6aad03628b331021183894fdc623
